
Microsoft Visual Studio Solution File, Format Version 12.00
# Visual Studio Version 16
VisualStudioVersion = 16.0.29519.181
MinimumVisualStudioVersion = 10.0.40219.1
Project("{FAE04EC0-301F-11D3-BF4B-00C04F79EFBC}") = "EnterpriseAPI", "EnterpriseAPI\EnterpriseAPI.csproj", "{22879F58-825B-4FCB-9497-62B3E0833E4D}"
EndProject
Global
	GlobalSection(SolutionConfigurationPlatforms) = preSolution
		Debug|Any CPU = Debug|Any CPU
		Release|Any CPU = Release|Any CPU
	EndGlobalSection
	GlobalSection(ProjectConfigurationPlatforms) = postSolution
		{22879F58-825B-4FCB-9497-62B3E0833E4D}.Debug|Any CPU.ActiveCfg = Debug|Any CPU
		{22879F58-825B-4FCB-9497-62B3E0833E4D}.Debug|Any CPU.Build.0 = Debug|Any CPU
		{22879F58-825B-4FCB-9497-62B3E0833E4D}.Release|Any CPU.ActiveCfg = Release|Any CPU
		{22879F58-825B-4FCB-9497-62B3E0833E4D}.Release|Any CPU.Build.0 = Release|Any CPU
	EndGlobalSection
	GlobalSection(SolutionProperties) = preSolution
		HideSolutionNode = FALSE
	EndGlobalSection
	GlobalSection(ExtensibilityGlobals) = postSolution
		SolutionGuid = {5790D7C1-6EEF-4936-A401-40DF9AEE91A7}
	EndGlobalSection
EndGlobal
